
Microsoft Visual Studio Solution File, Format Version 12.00
# Visual Studio 15
VisualStudioVersion = 15.0.28307.271
MinimumVisualStudioVersion = 10.0.40219.1
Project("{FAE04EC0-301F-11D3-BF4B-00C04F79EFBC}") = "LogF1", "LogF1\LogF1.csproj", "{01053BC9-4687-488C-9879-7223D6FC7E65}"
EndProject
Project("{FAE04EC0-301F-11D3-BF4B-00C04F79EFBC}") = "UnitTestProject", "UnitTestProject\UnitTestProject.csproj", "{2E3DF5C2-8A38-4A03-86D7-8D463C917E47}"
EndProject
Project("{FAE04EC0-301F-11D3-BF4B-00C04F79EFBC}") = "ConsoleAppStart", "ConsoleAppStart\ConsoleAppStart.csproj", "{205B5F6F-9F8D-4828-AAAD-431A5C9DF153}"
EndProject
Global
	GlobalSection(SolutionConfigurationPlatforms) = preSolution
		Debug|Any CPU = Debug|Any CPU
		Release|Any CPU = Release|Any CPU
	EndGlobalSection
	GlobalSection(ProjectConfigurationPlatforms) = postSolution
		{01053BC9-4687-488C-9879-7223D6FC7E65}.Debug|Any CPU.ActiveCfg = Debug|Any CPU
		{01053BC9-4687-488C-9879-7223D6FC7E65}.Debug|Any CPU.Build.0 = Debug|Any CPU
		{01053BC9-4687-488C-9879-7223D6FC7E65}.Release|Any CPU.ActiveCfg = Release|Any CPU
		{01053BC9-4687-488C-9879-7223D6FC7E65}.Release|Any CPU.Build.0 = Release|Any CPU
		{2E3DF5C2-8A38-4A03-86D7-8D463C917E47}.Debug|Any CPU.ActiveCfg = Debug|Any CPU
		{2E3DF5C2-8A38-4A03-86D7-8D463C917E47}.Debug|Any CPU.Build.0 = Debug|Any CPU
		{2E3DF5C2-8A38-4A03-86D7-8D463C917E47}.Release|Any CPU.ActiveCfg = Release|Any CPU
		{2E3DF5C2-8A38-4A03-86D7-8D463C917E47}.Release|Any CPU.Build.0 = Release|Any CPU
		{205B5F6F-9F8D-4828-AAAD-431A5C9DF153}.Debug|Any CPU.ActiveCfg = Debug|Any CPU
		{205B5F6F-9F8D-4828-AAAD-431A5C9DF153}.Debug|Any CPU.Build.0 = Debug|Any CPU
		{205B5F6F-9F8D-4828-AAAD-431A5C9DF153}.Release|Any CPU.ActiveCfg = Release|Any CPU
		{205B5F6F-9F8D-4828-AAAD-431A5C9DF153}.Release|Any CPU.Build.0 = Release|Any CPU
	EndGlobalSection
	GlobalSection(SolutionProperties) = preSolution
		HideSolutionNode = FALSE
	EndGlobalSection
	GlobalSection(ExtensibilityGlobals) = postSolution
		SolutionGuid = {F194ECAE-F21F-47F1-AA50-F5BF4138D994}
	EndGlobalSection
EndGlobal
